
Microsoft Visual Studio Solution File, Format Version 12.00
# Visual Studio Version 17
VisualStudioVersion = 17.10.35013.160
MinimumVisualStudioVersion = 10.0.40219.1
Project("{FAE04EC0-301F-11D3-BF4B-00C04F79EFBC}") = "WebApi", "WebApi\WebApi.csproj", "{88DC216F-2455-40F0-B203-B3ED919B2826}"
EndProject
Global
	GlobalSection(SolutionConfigurationPlatforms) = preSolution
		Debug|Any CPU = Debug|Any CPU
		Release|Any CPU = Release|Any CPU
	EndGlobalSection
	GlobalSection(ProjectConfigurationPlatforms) = postSolution
		{88DC216F-2455-40F0-B203-B3ED919B2826}.Debug|Any CPU.ActiveCfg = Debug|Any CPU
		{88DC216F-2455-40F0-B203-B3ED919B2826}.Debug|Any CPU.Build.0 = Debug|Any CPU
		{88DC216F-2455-40F0-B203-B3ED919B2826}.Release|Any CPU.ActiveCfg = Release|Any CPU
		{88DC216F-2455-40F0-B203-B3ED919B2826}.Release|Any CPU.Build.0 = Release|Any CPU
	EndGlobalSection
	GlobalSection(SolutionProperties) = preSolution
		HideSolutionNode = FALSE
	EndGlobalSection
	GlobalSection(ExtensibilityGlobals) = postSolution
		SolutionGuid = {59343364-668F-43D0-B606-A862DF8B50D3}
	EndGlobalSection
EndGlobal
